
Microsoft Visual Studio Solution File, Format Version 12.00
# Visual Studio Version 16
VisualStudioVersion = 16.0.29209.62
MinimumVisualStudioVersion = 10.0.40219.1
Project("{FAE04EC0-301F-11D3-BF4B-00C04F79EFBC}") = "YouAreNotAlone", "YouAreNotAlone.csproj", "{EC7F1F45-CCE2-4044-9949-FB14E308A4BD}"
EndProject
Project("{FAE04EC0-301F-11D3-BF4B-00C04F79EFBC}") = "YouAreNotAlone.Tests", "..\YouAreNotAlone.Tests\YouAreNotAlone.Tests.csproj", "{3D7874A0-6DF4-494B-B203-54DAF6BD3822}"
EndProject
Global
	GlobalSection(SolutionConfigurationPlatforms) = preSolution
		Debug|Any CPU = Debug|Any CPU
		Release|Any CPU = Release|Any CPU
	EndGlobalSection
	GlobalSection(ProjectConfigurationPlatforms) = postSolution
		{EC7F1F45-CCE2-4044-9949-FB14E308A4BD}.Debug|Any CPU.ActiveCfg = Debug|Any CPU
		{EC7F1F45-CCE2-4044-9949-FB14E308A4BD}.Debug|Any CPU.Build.0 = Debug|Any CPU
		{EC7F1F45-CCE2-4044-9949-FB14E308A4BD}.Release|Any CPU.ActiveCfg = Release|Any CPU
		{EC7F1F45-CCE2-4044-9949-FB14E308A4BD}.Release|Any CPU.Build.0 = Release|Any CPU
		{3D7874A0-6DF4-494B-B203-54DAF6BD3822}.Debug|Any CPU.ActiveCfg = Debug|Any CPU
		{3D7874A0-6DF4-494B-B203-54DAF6BD3822}.Debug|Any CPU.Build.0 = Debug|Any CPU
		{3D7874A0-6DF4-494B-B203-54DAF6BD3822}.Release|Any CPU.ActiveCfg = Release|Any CPU
		{3D7874A0-6DF4-494B-B203-54DAF6BD3822}.Release|Any CPU.Build.0 = Release|Any CPU
	EndGlobalSection
	GlobalSection(SolutionProperties) = preSolution
		HideSolutionNode = FALSE
	EndGlobalSection
	GlobalSection(ExtensibilityGlobals) = postSolution
		SolutionGuid = {080375B4-18AC-450B-8154-A587C400A960}
	EndGlobalSection
EndGlobal
